
Microsoft Visual Studio Solution File, Format Version 12.00
# Visual Studio Version 16
VisualStudioVersion = 16.0.31515.178
MinimumVisualStudioVersion = 10.0.40219.1
Project("{FAE04EC0-301F-11D3-BF4B-00C04F79EFBC}") = "Algoritma3", "Algoritma3\Algoritma3.csproj", "{E63409FA-67C9-4319-B748-3DC54BDA8FB7}"
EndProject
Global
	GlobalSection(SolutionConfigurationPlatforms) = preSolution
		Debug|Any CPU = Debug|Any CPU
		Release|Any CPU = Release|Any CPU
	EndGlobalSection
	GlobalSection(ProjectConfigurationPlatforms) = postSolution
		{E63409FA-67C9-4319-B748-3DC54BDA8FB7}.Debug|Any CPU.ActiveCfg = Debug|Any CPU
		{E63409FA-67C9-4319-B748-3DC54BDA8FB7}.Debug|Any CPU.Build.0 = Debug|Any CPU
		{E63409FA-67C9-4319-B748-3DC54BDA8FB7}.Release|Any CPU.ActiveCfg = Release|Any CPU
		{E63409FA-67C9-4319-B748-3DC54BDA8FB7}.Release|Any CPU.Build.0 = Release|Any CPU
	EndGlobalSection
	GlobalSection(SolutionProperties) = preSolution
		HideSolutionNode = FALSE
	EndGlobalSection
	GlobalSection(ExtensibilityGlobals) = postSolution
		SolutionGuid = {FBD551AD-22B5-46C1-A792-35CD6F6E61BA}
	EndGlobalSection
EndGlobal
